<?xml version="1.0" encoding="utf-8"?>
<Project ToolsVersion="4.0" xmlns="http://schemas.microsoft.com/developer/msbuild/2003">
  <ItemGroup>
    <ClCompile Include="src\Core\App.cpp" />
    <ClCompile Include="src\Renderer\Assimp\AssimpLoader.cpp" />
    <ClCompile Include="src\Renderer\Engine.cpp" />
    <ClCompile Include="src\Renderer\Graphics\Buffer\ConstantBuffer.cpp" />
    <ClCompile Include="src\Renderer\Graphics\Buffer\IndexBuffer.cpp" />
    <ClCompile Include="src\Renderer\Graphics\Buffer\VertexBuffer.cpp" />
    <ClCompile Include="src\Renderer\Graphics\PipelineState.cpp" />
    <ClCompile Include="src\Renderer\Graphics\RootSignature.cpp" />
    <ClCompile Include="src\Renderer\StandardShader\Struct\SharedStruct.cpp" />
    <ClCompile Include="src\Renderer\Texture\Texture2D.cpp" />
    <ClCompile Include="src\Scene\ResourceManager\SceneResourceManager.cpp" />
    <ClCompile Include="src\Scene\GameObject\Model\Model.cpp" />
    <ClCompile Include="src\Scene\GameObject\Material\Material.cpp" />
    <ClCompile Include="src\Scene\GameObject\Mesh\Mesh.cpp" />
    <ClCompile Include="src\Scene\Camera\SceneCamera.cpp" />
    <ClCompile Include="src\Renderer\Graphics\DescriptorHeap\RtvDescriptorHeap.cpp" />
    <ClCompile Include="src\Renderer\Graphics\DescriptorHeap\SrvDescriptorHeap.cpp" />
    <ClCompile Include="src\Renderer\PipelineManager\IPipelineManager.cpp" />
    <ClCompile Include="src\Renderer\Pass\RenderProcess\Pass\GeometryPass.cpp" />
    <ClCompile Include="src\Renderer\Target\DepthStencilTarget.cpp" />
    <ClCompile Include="src\Renderer\Target\ITargetBase.cpp" />
    <ClCompile Include="src\Renderer\Target\RenderTarget.cpp" />
    <ClCompile Include="src\Modules\Renderer\RendereUtility.cpp" />
    <ClCompile Include="src\Renderer\PipelineManager\PipelineStateManager.cpp" />
    <ClCompile Include="src\Renderer\Graphics\RootSignatureBuilder.cpp" />
    <ClCompile Include="src\Scene\GameObject\GameObject.cpp" />
    <ClCompile Include="src\Scene\GameObject\Loader\GameObjectLoader.cpp" />
    <ClCompile Include="src\Audio\AudioManager.cpp" />
    <ClCompile Include="external\imgui\imgui.cpp" />
    <ClCompile Include="external\imgui\imgui_draw.cpp" />
    <ClCompile Include="external\imgui\imgui_tables.cpp" />
    <ClCompile Include="external\imgui\imgui_widgets.cpp" />
    <ClCompile Include="external\imgui\imgui_impl_dx12.cpp" />
    <ClCompile Include="external\imgui\imgui_impl_win32.cpp" />
    <ClCompile Include="external\imgui\imgui_demo.cpp" />
    <ClCompile Include="src\Renderer\Loader\PSOLoader.cpp" />
    <ClCompile Include="src\Scene\Time\TimeManager.cpp" />
    <ClCompile Include="src\Renderer\Pass\PostProcess\Preset\PostProcessPreset.cpp" />
    <ClCompile Include="src\Renderer\Pass\PostProcess\Manager\PostProcessManager.cpp" />
    <ClCompile Include="src\Renderer\Pass\PostProcess\Pass\VHSFilterPass.cpp" />
  </ItemGroup>
  <ItemGroup>
    <ClInclude Include="src\Core\App.h" />
    <ClInclude Include="src\Modules\ComPtr.h" />
    <ClInclude Include="src\Renderer\Assimp\AssimpLoader.h" />
    <ClInclude Include="src\Renderer\Engine.h" />
    <ClInclude Include="src\Renderer\Graphics\Buffer\ConstantBuffer.h" />
    <ClInclude Include="src\Renderer\Graphics\Buffer\IndexBuffer.h" />
    <ClInclude Include="src\Renderer\Graphics\Buffer\VertexBuffer.h" />
    <ClInclude Include="src\Renderer\Graphics\PipelineState.h" />
    <ClInclude Include="src\Renderer\Graphics\RootSignature.h" />
    <ClInclude Include="src\Renderer\StandardShader\Struct\SharedStruct.h" />
    <ClInclude Include="src\Renderer\Texture\Texture2D.h" />
    <ClInclude Include="src\Scene\Camera\SceneCamera.h" />
    <ClInclude Include="src\Scene\ResourceManager\SceneResourceManager.h" />
    <ClInclude Include="src\Scene\ISceneBase.h" />
    <ClInclude Include="src\Scene\GameObject\GameObject.h" />
    <ClInclude Include="src\Scene\GameObject\Model\Model.h" />
    <ClInclude Include="src\Scene\GameObject\Material\Material.h" />
    <ClInclude Include="src\Scene\GameObject\Mesh\Mesh.h" />
    <ClInclude Include="src\Renderer\Pass\IRenderPass.h" />
    <ClInclude Include="src\Renderer\RenderContext\RenderContext.h" />
    <ClInclude Include="src\Renderer\PipelineManager\IPipelineManager.h" />
    <ClInclude Include="src\Renderer\Graphics\DescriptorHeap\DescriptorHandle.h" />
    <ClInclude Include="src\Renderer\Graphics\DescriptorHeap\RtvDescriptorHeap.h" />
    <ClInclude Include="src\Renderer\Graphics\DescriptorHeap\SrvDescriptorHeap.h" />
    <ClInclude Include="src\Renderer\Pass\RenderProcess\Pass\GeometryPass.h" />
    <ClInclude Include="src\Renderer\Target\DepthStencilTarget.h" />
    <ClInclude Include="src\Renderer\Target\ITargetBase.h" />
    <ClInclude Include="src\Renderer\Target\RenderTarget.h" />
    <ClInclude Include="src\Modules\Renderer\RendereUtility.h" />
    <ClInclude Include="src\Renderer\PipelineManager\PipelineStateManager.h" />
    <ClInclude Include="src\Renderer\Graphics\RootSignatureBuilder.h" />
    <ClInclude Include="src\Scene\GameObject\Component\Component.h" />
    <ClInclude Include="src\Scene\GameObject\Component\MeshRenderer.h" />
    <ClInclude Include="src\Scene\GameObject\Component\ComponentFactory.h" />
    <ClInclude Include="src\Scene\GameObject\Loader\GameObjectLoader.h" />
    <ClInclude Include="src\Modules\Other\engineString.h" />
    <ClInclude Include="src\Physics\Component\Rigidbody.h" />
    <ClInclude Include="src\Physics\EngineCollider.h" />
    <ClInclude Include="src\Scene\GameObject\Find\GameObjectFInder.h" />
    <ClInclude Include="src\Physics\Debug\PhysicsDebug.h" />
    <ClInclude Include="src\Audio\AudioManager.h" />
    <ClInclude Include="external\imgui\imconfig.h" />
    <ClInclude Include="external\imgui\imgui.h" />
    <ClInclude Include="external\imgui\imgui_impl_dx12.h" />
    <ClInclude Include="external\imgui\imgui_impl_win32.h" />
    <ClInclude Include="external\imgui\imgui_internal.h" />
    <ClInclude Include="external\imgui\imstb_textedit.h" />
    <ClInclude Include="external\imgui\imstb_rectpack.h" />
    <ClInclude Include="external\imgui\imstb_truetype.h" />
    <ClInclude Include="src\Scene\GameObject\DefaultMesh\DefaultMeshes.h" />
    <ClInclude Include="src\Renderer\Loader\PSOLoader.h" />
    <ClInclude Include="src\Scene\Time\TimeManager.h" />
    <ClInclude Include="src\Renderer\Pass\PostProcess\Preset\PostProcessPreset.h" />
    <ClInclude Include="src\Renderer\Pass\PostProcess\Manager\PostProcessManager.h" />
    <ClInclude Include="src\Renderer\Pass\PostProcess\Pass\VHSFilterPass.h" />
    <ClInclude Include="src\Renderer\Pass\RenderProcess\SceneRenderPassBase.h" />
    <ClInclude Include="src\Renderer\Pass\PostProcess\PostProcessPassBase.h" />
  </ItemGroup>
  <ItemGroup>
    <FxCompile Include="src\Renderer\StandardShader\Shader\SimpleMonochromePS.hlsl" />
    <FxCompile Include="src\Renderer\StandardShader\Shader\SimpleMonochromeVS.hlsl" />
    <FxCompile Include="src\Renderer\StandardShader\Shader\VHSFilterPS.hlsl" />
    <FxCompile Include="src\Renderer\StandardShader\Shader\VHSFilterVS.hlsl" />
  </ItemGroup>
</Project>