<?xml version="1.0" encoding="utf-8"?>
<Project ToolsVersion="4.0" xmlns="http://schemas.microsoft.com/developer/msbuild/2003">
  <ItemGroup>
    <ClCompile Include="src\Core\App.cpp" />
    <ClCompile Include="src\Renderer\Assimp\AssimpLoader.cpp" />
    <ClCompile Include="src\Renderer\Engine.cpp" />
    <ClCompile Include="src\Renderer\Graphics\Buffer\ConstantBuffer.cpp" />
    <ClCompile Include="src\Renderer\Graphics\Buffer\IndexBuffer.cpp" />
    <ClCompile Include="src\Renderer\Graphics\Buffer\VertexBuffer.cpp" />
    <ClCompile Include="src\Renderer\Graphics\PipelineState.cpp" />
    <ClCompile Include="src\Renderer\Graphics\RootSignature.cpp" />
    <ClCompile Include="src\Renderer\StandardShader\Struct\SharedStruct.cpp" />
    <ClCompile Include="src\Renderer\Texture\Texture2D.cpp" />
    <ClCompile Include="src\Scene\ResourceManager\SceneResourceManager.cpp" />
    <ClCompile Include="src\Scene\GameObject\Model\Model.cpp" />
    <ClCompile Include="src\Scene\GameObject\Material\Material.cpp" />
    <ClCompile Include="src\Scene\GameObject\Mesh\Mesh.cpp" />
    <ClCompile Include="src\Scene\Camera\SceneCamera.cpp" />
    <ClCompile Include="src\Renderer\PipelineManager\IPipelineManager.cpp" />
    <ClCompile Include="src\Renderer\Pass\RenderProcess\Pass\GeometryPass.cpp" />
    <ClCompile Include="src\Renderer\Pass\RenderProcess\Pass\LightingPass.cpp" />
    <ClCompile Include="src\Renderer\Pass\RenderProcess\Pass\RTAOPass.cpp" />
    <ClCompile Include="src\Renderer\Pass\RenderProcess\Pass\RTGIPass.cpp" />
    <ClCompile Include="src\Renderer\Pass\RenderProcess\Pass\RTReflectionPass.cpp" />
    <ClCompile Include="src\Renderer\Pass\RenderProcess\Pass\RTAODenoisePass.cpp" />
    <ClCompile Include="src\Renderer\Pass\RenderProcess\Pass\SSAOPass.cpp" />
    <ClCompile Include="src\Renderer\Pass\RenderProcess\Pass\SSRPass.cpp" />
    <ClCompile Include="src\Renderer\Pass\RenderProcess\Pass\SSRCompositePass.cpp" />
    <ClCompile Include="src\Renderer\Target\DepthStencilTarget.cpp" />
    <ClCompile Include="src\Renderer\Target\ITargetBase.cpp" />
    <ClCompile Include="src\Renderer\Target\RenderTarget.cpp" />
    <ClCompile Include="src\Modules\Renderer\RendereUtility.cpp" />
    <ClCompile Include="src\Renderer\PipelineManager\PipelineStateManager.cpp" />
    <ClCompile Include="src\Renderer\Graphics\RootSignatureBuilder.cpp" />
    <ClCompile Include="src\Scene\GameObject\GameObject.cpp" />
    <ClCompile Include="src\Scene\GameObject\Loader\GameObjectLoader.cpp" />
    <ClCompile Include="src\Audio\AudioManager.cpp" />
    <ClCompile Include="src\Renderer\Loader\PSOLoader.cpp" />
    <ClCompile Include="src\Scene\Time\TimeManager.cpp" />
    <ClCompile Include="src\Renderer\Pass\PostProcess\Preset\PostProcessPreset.cpp" />
    <ClCompile Include="src\Renderer\Pass\PostProcess\Manager\PostProcessManager.cpp" />
    <ClCompile Include="src\Renderer\Light\Light.cpp" />
    <ClCompile Include="src\Renderer\Light\LightingManager.cpp" />
    <ClCompile Include="src\Core\Components\TriggerFactory.cpp" />
    <ClCompile Include="src\Scene\SceneManager.cpp" />
    <ClCompile Include="src\Scene\Default\Renderer\PipelineManager\DefaultPipelineManager.cpp" />
    <ClCompile Include="src\Scene\Default\Scene\DefaultScene.cpp" />
    <ClCompile Include="src\Core\Components\WorkFlow\WorkFlow.cpp" />
    <ClCompile Include="src\Core\Components\Work\WorkManager.cpp" />
    <ClCompile Include="src\GUI\Windows\DrawWorkManagerWindow.cpp" />
    <ClCompile Include="src\GUI\Managers\LayoutPresetManager.cpp" />
    <ClCompile Include="src\Input\InputDevice.cpp" />
    <ClCompile Include="src\Physics\EngineCollider.cpp" />
    <ClCompile Include="src\Renderer\Pass\RenderProcess\Pass\DebugPass.cpp" />
    <ClCompile Include="src\Source\3DModel\Loader\ModelLoader.cpp" />
    <ClCompile Include="src\Renderer\Pass\ComputeProcess\RainParticleSystem.cpp" />
    <ClCompile Include="src\Renderer\Graphics\DescriptorHeap\DescriptorHeap.cpp" />
    <ClCompile Include="src\Renderer\Texture\TextureResourceManager.cpp" />
    <ClCompile Include="..\external\imgui\imgui.cpp" />
    <ClCompile Include="..\external\imgui\imgui_demo.cpp" />
    <ClCompile Include="..\external\imgui\imgui_draw.cpp" />
    <ClCompile Include="..\external\imgui\imgui_impl_dx12.cpp" />
    <ClCompile Include="..\external\imgui\imgui_impl_win32.cpp" />
    <ClCompile Include="..\external\imgui\imgui_tables.cpp" />
    <ClCompile Include="..\external\imgui\imgui_widgets.cpp" />
    <ClCompile Include="src\GUI\Build\BuildManager.cpp" />
    <ClCompile Include="src\Renderer\Texture\TextureCube.cpp" />
    <ClCompile Include="src\Renderer\Pass\RenderProcess\Pass\SkyboxPass.cpp" />
    <ClCompile Include="src\Scene\Skybox\SkyboxManager.cpp" />
    <ClCompile Include="src\Renderer\RayTracing\AccelerationStructure.cpp" />
    <ClCompile Include="src\Renderer\RayTracing\RayTracingPipelineState.cpp" />
    <ClCompile Include="src\Renderer\Pass\ShadowProcess\Pass\RayTracedShadowPass.cpp" />
    <ClCompile Include="src\Scene\RayTracing\RayTracedAOManager.cpp" />
    <ClCompile Include="src\Scene\RayTracing\RayTracedAOTarget.cpp" />
    <ClCompile Include="src\Scene\RayTracing\RayTracedGIManager.cpp" />
    <ClCompile Include="src\Scene\RayTracing\RayTracedGITarget.cpp" />
    <ClCompile Include="src\Scene\RayTracing\RayTracedReflectionManager.cpp" />
    <ClCompile Include="src\Scene\RayTracing\RayTracedReflectionTarget.cpp" />
  </ItemGroup>
  <ItemGroup>
    <ClInclude Include="src\Core\App.h" />
    <ClInclude Include="src\Modules\ComPtr.h" />
    <ClInclude Include="src\Renderer\Assimp\AssimpLoader.h" />
    <ClInclude Include="src\Renderer\Engine.h" />
    <ClInclude Include="src\Renderer\Graphics\Buffer\ConstantBuffer.h" />
    <ClInclude Include="src\Renderer\Graphics\Buffer\IndexBuffer.h" />
    <ClInclude Include="src\Renderer\Graphics\Buffer\VertexBuffer.h" />
    <ClInclude Include="src\Renderer\Graphics\PipelineState.h" />
    <ClInclude Include="src\Renderer\Graphics\RootSignature.h" />
    <ClInclude Include="src\Renderer\StandardShader\Struct\SharedStruct.h" />
    <ClInclude Include="src\Renderer\Texture\Texture2D.h" />
    <ClInclude Include="src\Scene\Camera\SceneCamera.h" />
    <ClInclude Include="src\Scene\ResourceManager\SceneResourceManager.h" />
    <ClInclude Include="src\Scene\ISceneBase.h" />
    <ClInclude Include="src\Scene\GameObject\GameObject.h" />
    <ClInclude Include="src\Scene\GameObject\Model\Model.h" />
    <ClInclude Include="src\Scene\GameObject\Material\Material.h" />
    <ClInclude Include="src\Scene\GameObject\Mesh\Mesh.h" />
    <ClInclude Include="src\Renderer\Pass\IRenderPass.h" />
    <ClInclude Include="src\Renderer\RenderContext\RenderContext.h" />
    <ClInclude Include="src\Renderer\PipelineManager\IPipelineManager.h" />
    <ClInclude Include="src\Renderer\Graphics\DescriptorHeap\DescriptorHandle.h" />
    <ClInclude Include="src\Renderer\Pass\RenderProcess\Pass\GeometryPass.h" />
    <ClInclude Include="src\Renderer\Pass\RenderProcess\Pass\RTAOPass.h" />
    <ClInclude Include="src\Renderer\Pass\RenderProcess\Pass\RTGIPass.h" />
    <ClInclude Include="src\Renderer\Pass\RenderProcess\Pass\RTReflectionPass.h" />
    <ClInclude Include="src\Renderer\Pass\RenderProcess\Pass\RTAODenoisePass.h" />
    <ClInclude Include="src\Renderer\Pass\RenderProcess\Pass\SSAOPass.h" />
    <ClInclude Include="src\Renderer\Pass\RenderProcess\Pass\SSRPass.h" />
    <ClInclude Include="src\Renderer\Pass\RenderProcess\Pass\SSRCompositePass.h" />
    <ClInclude Include="src\Renderer\Target\DepthStencilTarget.h" />
    <ClInclude Include="src\Renderer\Target\ITargetBase.h" />
    <ClInclude Include="src\Renderer\Target\RenderTarget.h" />
    <ClInclude Include="src\Modules\Renderer\RendereUtility.h" />
    <ClInclude Include="src\Renderer\PipelineManager\PipelineStateManager.h" />
    <ClInclude Include="src\Renderer\Graphics\RootSignatureBuilder.h" />
    <ClInclude Include="src\Scene\GameObject\Component\Component.h" />
    <ClInclude Include="src\Scene\GameObject\Component\MeshRenderer.h" />
    <ClInclude Include="src\Scene\GameObject\Component\ComponentFactory.h" />
    <ClInclude Include="src\Scene\GameObject\Loader\GameObjectLoader.h" />
    <ClInclude Include="src\Modules\Other\engineString.h" />
    <ClInclude Include="src\Physics\Component\Rigidbody.h" />
    <ClInclude Include="src\Physics\EngineCollider.h" />
    <ClInclude Include="src\Scene\GameObject\Find\GameObjectFInder.h" />
    <ClInclude Include="src\Physics\Debug\PhysicsDebug.h" />
    <ClInclude Include="src\Audio\AudioManager.h" />
    <ClInclude Include="src\Scene\GameObject\DefaultMesh\DefaultMeshes.h" />
    <ClInclude Include="src\Renderer\Loader\PSOLoader.h" />
    <ClInclude Include="src\Scene\Time\TimeManager.h" />
    <ClInclude Include="src\Renderer\Pass\PostProcess\Preset\PostProcessPreset.h" />
    <ClInclude Include="src\Renderer\Pass\PostProcess\Manager\PostProcessManager.h" />
    <ClInclude Include="src\Renderer\Pass\PostProcess\Pass\VHSPass.h" />
    <ClInclude Include="src\Renderer\Pass\RenderProcess\SceneRenderPassBase.h" />
    <ClInclude Include="src\Renderer\Pass\PostProcess\PostProcessPassBase.h" />
    <ClInclude Include="src\Modules\PublicConst\const_name_pref.h" />
    <ClInclude Include="src\Modules\PublicConst\const_path_pref.h" />
    <ClInclude Include="src\Modules\PublicConst\const_render_pref.h" />
    <ClInclude Include="src\Modules\PublicConst\const_premitive_gameobject_pref.h" />
    <ClInclude Include="src\Modules\PublicConst\const_gui_pref.h" />
    <ClInclude Include="src\Renderer\Pass\PostProcess\Pass\MonochromePass.h" />
    <ClInclude Include="src\Renderer\Pass\PostProcess\Pass\VignettePass.h" />
    <ClInclude Include="src\Renderer\Pass\PostProcess\Pass\FXAAPass.h" />
    <ClInclude Include="src\Renderer\Pass\PostProcess\Pass\TAAPass.h" />
    <ClInclude Include="src\Renderer\Pass\PostProcess\Pass\FilmGrainPass.h" />
    <ClInclude Include="src\Renderer\Pass\PostProcess\Pass\ChromaticAberration.h" />
    <ClInclude Include="src\Renderer\Light\Light.h" />
    <ClInclude Include="src\Renderer\Light\LightingManager.h" />
    <ClInclude Include="src\Core\Components\TriggerComponent.h" />
    <ClInclude Include="src\Core\Components\Trigger\ITriggerCondition.h" />
    <ClInclude Include="src\Core\Components\TriggerContext\TriggerContext.h" />
    <ClInclude Include="src\Core\Components\TriggerFactory.h" />
    <ClInclude Include="src\Core\Components\Trigger\OnGameObjectEnterCondition.h" />
    <ClInclude Include="src\Physics\MyCollisionListener.h" />
    <ClInclude Include="src\GUI\Core\IDrawWindow.h" />
    <ClInclude Include="src\GUI\Windows\DrawDayWindow.h" />
    <ClInclude Include="src\GUI\Windows\DrawGameObjectWindow.h" />
    <ClInclude Include="src\GUI\Windows\DrawMainMenuBar.h" />
    <ClInclude Include="src\Scene\SceneManager.h" />
    <ClInclude Include="src\Scene\Default\Renderer\PipelineManager\DefaultPipelineManager.h" />
    <ClInclude Include="src\Scene\Default\Scene\DefaultScene.h" />
    <ClInclude Include="src\Core\Components\Reward\IReward.h" />
    <ClInclude Include="src\Core\Components\Reward\PlaySoundReward.h" />
    <ClInclude Include="src\Core\Components\Reward\PrintHelloReward.h" />
    <ClInclude Include="src\Core\Components\Reward\StartWorkReward.h" />
    <ClInclude Include="src\Core\Components\Trigger\CountDownCondition.h" />
    <ClInclude Include="src\Core\Components\WorkFlow\WorkFlow.h" />
    <ClInclude Include="src\Core\Components\Work\Work.h" />
    <ClInclude Include="src\Core\Components\Work\WorkManager.h" />
    <ClInclude Include="src\GUI\Windows\DrawModelsWindow.h" />
    <ClInclude Include="src\GUI\Windows\DrawTaskManagerWindow.h" />
    <ClInclude Include="src\GUI\Windows\DrawWorkManagerWindow.h" />
    <ClInclude Include="src\Input\InputDevice.h" />
    <ClInclude Include="src\Modules\PublicConst\const_gameobject_save_param_pref.h" />
    <ClInclude Include="src\Renderer\Pass\RenderProcess\Pass\DebugPass.h" />
    <ClInclude Include="src\Scene\Character\Player\PlayerController.h" />
    <ClInclude Include="src\Source\3DModel\Loader\ModelLoader.h" />
    <ClInclude Include="src\Renderer\Pass\ComputeProcess\RainParticleSystem.h" />
    <ClInclude Include="src\Renderer\Graphics\DescriptorHeap\DescriptorHeap.h" />
    <ClInclude Include="src\Renderer\Texture\TextureResourceManager.h" />
    <ClInclude Include="src\Renderer\Pass\PostProcess\Pass\Extraction.h" />
    <ClInclude Include="src\Renderer\Pass\PostProcess\Pass\GaussianBlurPass.h" />
    <ClInclude Include="src\Renderer\Pass\PostProcess\Pass\BloomPass.h" />
    <ClInclude Include="src\Renderer\RenderContext\TempRenderTargetPool.h" />
    <ClInclude Include="src\Renderer\Pass\ShadowProcess\ShadowProcessPassBase.h" />
    <ClInclude Include="src\Renderer\Pass\ShadowProcess\Pass\SimpleShadowMapPass.h" />
    <ClInclude Include="src\Renderer\Pass\ShadowProcess\Pass\CascadedShadowMapPass.h" />
    <ClInclude Include="src\GUI\Windows\DrawPostProcessPresetWindow.h" />
    <ClInclude Include="src\GUI\Windows\DrawAAWindow.h" />
    <ClInclude Include="src\GUI\Windows\DrawModeWindow.h" />
    <ClInclude Include="src\GUI\Managers\LayoutPresetManager.h" />
    <ClInclude Include="..\external\imgui\imconfig.h" />
    <ClInclude Include="..\external\imgui\imgui.h" />
    <ClInclude Include="..\external\imgui\imgui_impl_dx12.h" />
    <ClInclude Include="..\external\imgui\imgui_impl_win32.h" />
    <ClInclude Include="..\external\imgui\imgui_internal.h" />
    <ClInclude Include="..\external\imgui\imstb_rectpack.h" />
    <ClInclude Include="..\external\imgui\imstb_textedit.h" />
    <ClInclude Include="..\external\imgui\imstb_truetype.h" />
    <ClInclude Include="src\GUI\Build\BuildManager.h" />
    <ClInclude Include="src\GUI\Windows\DrawBuildWindow.h" />
    <ClInclude Include="src\GUI\Managers\LayoutPresetType.h" />
    <ClInclude Include="src\Renderer\Texture\TextureCube.h" />
    <ClInclude Include="src\Renderer\Pass\RenderProcess\Pass\SkyboxPass.h" />
    <ClInclude Include="src\Scene\Skybox\SkyboxManager.h" />
    <ClInclude Include="src\Renderer\Pass\ShadowProcess\Pass\RayTracedShadowPass.h" />
    <ClInclude Include="src\Scene\RayTracing\RayTracedAOManager.h" />
    <ClInclude Include="src\Scene\RayTracing\RayTracedAOTarget.h" />
    <ClInclude Include="src\Scene\RayTracing\RayTracedGIManager.h" />
    <ClInclude Include="src\Scene\RayTracing\RayTracedGITarget.h" />
    <ClInclude Include="src\Scene\RayTracing\RayTracedReflectionManager.h" />
    <ClInclude Include="src\Scene\RayTracing\RayTracedReflectionTarget.h" />
  </ItemGroup>
  <ItemGroup>
    <FxCompile Include="src\Renderer\StandardShader\Shader\MonochromePS.hlsl" />
    <FxCompile Include="src\Renderer\StandardShader\Shader\MonochromeVS.hlsl" />
    <FxCompile Include="src\Renderer\StandardShader\Shader\VHSPS.hlsl" />
    <FxCompile Include="src\Renderer\StandardShader\Shader\VHSVS.hlsl" />
    <FxCompile Include="src\Renderer\StandardShader\Shader\VignetteVS.hlsl" />
    <FxCompile Include="src\Renderer\StandardShader\Shader\VignettePS.hlsl" />
    <FxCompile Include="src\Renderer\StandardShader\Shader\FXAAVS.hlsl" />
    <FxCompile Include="src\Renderer\StandardShader\Shader\FXAAPS.hlsl" />
    <FxCompile Include="src\Renderer\StandardShader\Shader\TAAVS.hlsl" />
    <FxCompile Include="src\Renderer\StandardShader\Shader\TAAPS.hlsl" />
    <FxCompile Include="src\Renderer\StandardShader\Shader\FilmGrainVS.hlsl" />
    <FxCompile Include="src\Renderer\StandardShader\Shader\FilmGrainPS.hlsl" />
    <FxCompile Include="src\Renderer\StandardShader\Shader\ChromaticAberrationVS.hlsl" />
    <FxCompile Include="src\Renderer\StandardShader\Shader\ChromaticAberrationPS.hlsl" />
    <FxCompile Include="src\Renderer\StandardShader\Shader\SimplePS.hlsl" />
    <FxCompile Include="src\Renderer\StandardShader\Shader\SimpleVS.hlsl" />
    <FxCompile Include="src\Renderer\StandardShader\Shader\GBufferPS.hlsl" />
    <FxCompile Include="src\Renderer\StandardShader\Shader\LightingVS.hlsl" />
    <FxCompile Include="src\Renderer\StandardShader\Shader\LightingPS.hlsl" />
    <FxCompile Include="src\Renderer\StandardShader\Shader\SSAOVS.hlsl" />
    <FxCompile Include="src\Renderer\StandardShader\Shader\SSAOPS.hlsl" />
    <FxCompile Include="src\Renderer\StandardShader\Shader\SSRPS.hlsl" />
    <FxCompile Include="src\Renderer\StandardShader\Shader\SSRCompositePS.hlsl" />
    <FxCompile Include="src\Renderer\StandardShader\Shader\RTAODenoiseBilateralPS.hlsl" />
    <FxCompile Include="src\Renderer\StandardShader\Shader\RTAODenoiseSeparablePS.hlsl" />
    <FxCompile Include="src\Renderer\StandardShader\Shader\RTAODenoiseCopyPS.hlsl" />
    <FxCompile Include="src\Renderer\StandardShader\Shader\RTAODenoiseATrousPS.hlsl" />
    <FxCompile Include="src\Renderer\StandardShader\Shader\DebugVS.hlsl" />
    <FxCompile Include="src\Renderer\StandardShader\Shader\DebugPS.hlsl" />
    <FxCompile Include="src\Renderer\StandardShader\ComputeShader\RainParticle.hlsl" />
    <FxCompile Include="src\Renderer\StandardShader\ComputeShader\RainParticleGS.hlsl" />
    <FxCompile Include="src\Renderer\StandardShader\ComputeShader\RainParticleVS.hlsl" />
    <FxCompile Include="src\Renderer\StandardShader\ComputeShader\RainParticlePS.hlsl" />
    <FxCompile Include="src\Renderer\StandardShader\Shader\ExtractionVS.hlsl" />
    <FxCompile Include="src\Renderer\StandardShader\Shader\ExtractionPS.hlsl" />
    <FxCompile Include="src\Renderer\StandardShader\Shader\GaussianBlurVS.hlsl" />
    <FxCompile Include="src\Renderer\StandardShader\Shader\GaussianBlurPS.hlsl" />
    <FxCompile Include="src\Renderer\StandardShader\Shader\BloomCombineVS.hlsl" />
    <FxCompile Include="src\Renderer\StandardShader\Shader\BloomCombinePS.hlsl" />
    <FxCompile Include="src\Renderer\StandardShader\Shader\ShadowMapVS.hlsl" />
    <FxCompile Include="src\Renderer\StandardShader\Shader\CascadedShadowMapVS.hlsl" />
    <FxCompile Include="src\Renderer\StandardShader\Shader\SkyboxVS.hlsl" />
    <FxCompile Include="src\Renderer\StandardShader\Shader\SkyboxPS.hlsl" />
    <FxCompile Include="src\Renderer\StandardShader\Shader\UnjitterPS.hlsl" />
    <FxCompile Include="src\Renderer\StandardShader\Shader\UnjitterVS.hlsl" />
  </ItemGroup>
  <ItemGroup>
    <None Include="ClassDiagram.cd" />
  </ItemGroup>
</Project>